Microsoft Visual Studio Solution File, Format Version 12.00
# Visual Studio 15
VisualStudioVersion = 15.0.28307.902
MinimumVisualStudioVersion = 10.0.40219.1
Project("{FAE04EC0-301F-11D3-BF4B-00C04F79EFBC}") = "Voxel-demo", "Voxel-demo.csproj", "{4C82CEAC-C9EF-4D4E-9EFE-F99D44116E23}"
EndProject
Global
	GlobalSection(SolutionConfigurationPlatforms) = preSolution
		Debug|Any CPU = Debug|Any CPU
		Release|Any CPU = Release|Any CPU
		Tools|Any CPU = Tools|Any CPU
	EndGlobalSection
	GlobalSection(ProjectConfigurationPlatforms) = postSolution
		{4C82CEAC-C9EF-4D4E-9EFE-F99D44116E23}.Debug|Any CPU.ActiveCfg = Debug|Any CPU
		{4C82CEAC-C9EF-4D4E-9EFE-F99D44116E23}.Debug|Any CPU.Build.0 = Debug|Any CPU
		{4C82CEAC-C9EF-4D4E-9EFE-F99D44116E23}.Release|Any CPU.ActiveCfg = Release|Any CPU
		{4C82CEAC-C9EF-4D4E-9EFE-F99D44116E23}.Release|Any CPU.Build.0 = Release|Any CPU
		{4C82CEAC-C9EF-4D4E-9EFE-F99D44116E23}.Tools|Any CPU.ActiveCfg = Tools|Any CPU
		{4C82CEAC-C9EF-4D4E-9EFE-F99D44116E23}.Tools|Any CPU.Build.0 = Tools|Any CPU
	EndGlobalSection
	GlobalSection(SolutionProperties) = preSolution
		HideSolutionNode = FALSE
	EndGlobalSection
	GlobalSection(ExtensibilityGlobals) = postSolution
		SolutionGuid = {D21245D1-2B6A-42DC-AD36-5AB073A2B781}
	EndGlobalSection
EndGlobal
